// !$*UTF8*$!
{
	archiveVersion = 1;
	classes = {
	};
	objectVersion = 56;
	objects = {

/* Begin PBXBuildFile section */
		602877452C0F4E5400287BA2 /* NoItemsView.swift in Sources */ = {isa = PBXBuildFile; fileRef = 602877442C0F4E5400287BA2 /* NoItemsView.swift */; };
		602877472C0F5BA300287BA2 /* LaunchScreen.storyboard in Resources */ = {isa = PBXBuildFile; fileRef = 602877462C0F5BA300287BA2 /* LaunchScreen.storyboard */; };
		602877492C0F5FF700287BA2 /* SettingsView.swift in Sources */ = {isa = PBXBuildFile; fileRef = 602877482C0F5FF700287BA2 /* SettingsView.swift */; };
		6049BB2C2C0E39A700B1B256 /* ListViewModel.swift in Sources */ = {isa = PBXBuildFile; fileRef = 6049BB2B2C0E39A700B1B256 /* ListViewModel.swift */; };
		60829AF72C3F0422008A6DDB /* NotificationManagerModel.swift in Sources */ = {isa = PBXBuildFile; fileRef = 60829AF62C3F0422008A6DDB /* NotificationManagerModel.swift */; };
		6097E9512C0A4C0C00343BF7 /* ToDoListApp.swift in Sources */ = {isa = PBXBuildFile; fileRef = 6097E9502C0A4C0C00343BF7 /* ToDoListApp.swift */; };
		6097E9552C0A4C0E00343BF7 /* Assets.xcassets in Resources */ = {isa = PBXBuildFile; fileRef = 6097E9542C0A4C0E00343BF7 /* Assets.xcassets */; };
		6097E9582C0A4C0E00343BF7 /* Preview Assets.xcassets in Resources */ = {isa = PBXBuildFile; fileRef = 6097E9572C0A4C0E00343BF7 /* Preview Assets.xcassets */; };
		6097E9602C0A4C9800343BF7 /* ListView.swift in Sources */ = {isa = PBXBuildFile; fileRef = 6097E95F2C0A4C9800343BF7 /* ListView.swift */; };
		6097E9622C0A4DCB00343BF7 /* ListRowView.swift in Sources */ = {isa = PBXBuildFile; fileRef = 6097E9612C0A4DCB00343BF7 /* ListRowView.swift */; };
		6097E9642C0A51E400343BF7 /* AddView.swift in Sources */ = {isa = PBXBuildFile; fileRef = 6097E9632C0A51E400343BF7 /* AddView.swift */; };
		6097E9672C0A547F00343BF7 /* ItemModel.swift in Sources */ = {isa = PBXBuildFile; fileRef = 6097E9662C0A547F00343BF7 /* ItemModel.swift */; };
/* End PBXBuildFile section */

/* Begin PBXFileReference section */
		602877442C0F4E5400287BA2 /* NoItemsView.swift */ = {isa = PBXFileReference; lastKnownFileType = sourcecode.swift; path = NoItemsView.swift; sourceTree = "<group>"; };
		602877462C0F5BA300287BA2 /* LaunchScreen.storyboard */ = {isa = PBXFileReference; lastKnownFileType = file.storyboard; path = LaunchScreen.storyboard; sourceTree = "<group>"; };
		602877482C0F5FF700287BA2 /* SettingsView.swift */ = {isa = PBXFileReference; lastKnownFileType = sourcecode.swift; path = SettingsView.swift; sourceTree = "<group>"; };
		6049BB2B2C0E39A700B1B256 /* ListViewModel.swift */ = {isa = PBXFileReference; lastKnownFileType = sourcecode.swift; path = ListViewModel.swift; sourceTree = "<group>"; };
		60829AF62C3F0422008A6DDB /* NotificationManagerModel.swift */ = {isa = PBXFileReference; lastKnownFileType = sourcecode.swift; path = NotificationManagerModel.swift; sourceTree = "<group>"; };
		6097E94D2C0A4C0C00343BF7 /* ToDoList.app */ = {isa = PBXFileReference; explicitFileType = wrapper.application; includeInIndex = 0; path = ToDoList.app; sourceTree = BUILT_PRODUCTS_DIR; };
		6097E9502C0A4C0C00343BF7 /* ToDoListApp.swift */ = {isa = PBXFileReference; lastKnownFileType = sourcecode.swift; path = ToDoListApp.swift; sourceTree = "<group>"; };
		6097E9542C0A4C0E00343BF7 /* Assets.xcassets */ = {isa = PBXFileReference; lastKnownFileType = folder.assetcatalog; path = Assets.xcassets; sourceTree = "<group>"; };
		6097E9572C0A4C0E00343BF7 /* Preview Assets.xcassets */ = {isa = PBXFileReference; lastKnownFileType = folder.assetcatalog; path = "Preview Assets.xcassets"; sourceTree = "<group>"; };
		6097E95F2C0A4C9800343BF7 /* ListView.swift */ = {isa = PBXFileReference; lastKnownFileType = sourcecode.swift; path = ListView.swift; sourceTree = "<group>"; };
		6097E9612C0A4DCB00343BF7 /* ListRowView.swift */ = {isa = PBXFileReference; lastKnownFileType = sourcecode.swift; path = ListRowView.swift; sourceTree = "<group>"; };
		6097E9632C0A51E400343BF7 /* AddView.swift */ = {isa = PBXFileReference; lastKnownFileType = sourcecode.swift; path = AddView.swift; sourceTree = "<group>"; };
		6097E9662C0A547F00343BF7 /* ItemModel.swift */ = {isa = PBXFileReference; lastKnownFileType = sourcecode.swift; path = ItemModel.swift; sourceTree = "<group>"; };
/* End PBXFileReference section */

/* Begin PBXFrameworksBuildPhase section */
		6097E94A2C0A4C0C00343BF7 /* Frameworks */ = {
			isa = PBXFrameworksBuildPhase;
			buildActionMask = 2147483647;
			files = (
			);
			runOnlyForDeploymentPostprocessing = 0;
		};
/* End PBXFrameworksBuildPhase section */

/* Begin PBXGroup section */
		6049BB2A2C0E398900B1B256 /* ViewModels */ = {
			isa = PBXGroup;
			children = (
				6049BB2B2C0E39A700B1B256 /* ListViewModel.swift */,
			);
			path = ViewModels;
			sourceTree = "<group>";
		};
		6097E9442C0A4C0C00343BF7 = {
			isa = PBXGroup;
			children = (
				6097E94F2C0A4C0C00343BF7 /* ToDoList */,
				6097E94E2C0A4C0C00343BF7 /* Products */,
			);
			sourceTree = "<group>";
		};
		6097E94E2C0A4C0C00343BF7 /* Products */ = {
			isa = PBXGroup;
			children = (
				6097E94D2C0A4C0C00343BF7 /* ToDoList.app */,
			);
			name = Products;
			sourceTree = "<group>";
		};
		6097E94F2C0A4C0C00343BF7 /* ToDoList */ = {
			isa = PBXGroup;
			children = (
				6097E9502C0A4C0C00343BF7 /* ToDoListApp.swift */,
				6097E9652C0A546500343BF7 /* Models */,
				6049BB2A2C0E398900B1B256 /* ViewModels */,
				6097E95E2C0A4C8100343BF7 /* Views */,
				6097E9542C0A4C0E00343BF7 /* Assets.xcassets */,
				6097E9562C0A4C0E00343BF7 /* Preview Content */,
			);
			path = ToDoList;
			sourceTree = "<group>";
		};
		6097E9562C0A4C0E00343BF7 /* Preview Content */ = {
			isa = PBXGroup;
			children = (
				6097E9572C0A4C0E00343BF7 /* Preview Assets.xcassets */,
			);
			path = "Preview Content";
			sourceTree = "<group>";
		};
		6097E95E2C0A4C8100343BF7 /* Views */ = {
			isa = PBXGroup;
			children = (
				6097E95F2C0A4C9800343BF7 /* ListView.swift */,
				6097E9612C0A4DCB00343BF7 /* ListRowView.swift */,
				6097E9632C0A51E400343BF7 /* AddView.swift */,
				602877482C0F5FF700287BA2 /* SettingsView.swift */,
				602877442C0F4E5400287BA2 /* NoItemsView.swift */,
				602877462C0F5BA300287BA2 /* LaunchScreen.storyboard */,
			);
			path = Views;
			sourceTree = "<group>";
		};
		6097E9652C0A546500343BF7 /* Models */ = {
			isa = PBXGroup;
			children = (
				6097E9662C0A547F00343BF7 /* ItemModel.swift */,
				60829AF62C3F0422008A6DDB /* NotificationManagerModel.swift */,
			);
			path = Models;
			sourceTree = "<group>";
		};
/* End PBXGroup section */

/* Begin PBXNativeTarget section */
		6097E94C2C0A4C0C00343BF7 /* ToDoList */ = {
			isa = PBXNativeTarget;
			buildConfigurationList = 6097E95B2C0A4C0E00343BF7 /* Build configuration list for PBXNativeTarget "ToDoList" */;
			buildPhases = (
				6097E9492C0A4C0C00343BF7 /* Sources */,
				6097E94A2C0A4C0C00343BF7 /* Frameworks */,
				6097E94B2C0A4C0C00343BF7 /* Resources */,
			);
			buildRules = (
			);
			dependencies = (
			);
			name = ToDoList;
			productName = ToDoList;
			productReference = 6097E94D2C0A4C0C00343BF7 /* ToDoList.app */;
			productType = "com.apple.product-type.application";
		};
/* End PBXNativeTarget section */

/* Begin PBXProject section */
		6097E9452C0A4C0C00343BF7 /* Project object */ = {
			isa = PBXProject;
			attributes = {
				BuildIndependentTargetsInParallel = 1;
				LastSwiftUpdateCheck = 1530;
				LastUpgradeCheck = 1530;
				TargetAttributes = {
					6097E94C2C0A4C0C00343BF7 = {
						CreatedOnToolsVersion = 15.3;
					};
				};
			};
			buildConfigurationList = 6097E9482C0A4C0C00343BF7 /* Build configuration list for PBXProject "ToDoList" */;
			compatibilityVersion = "Xcode 14.0";
			developmentRegion = en;
			hasScannedForEncodings = 0;
			knownRegions = (
				en,
				Base,
			);
			mainGroup = 6097E9442C0A4C0C00343BF7;
			productRefGroup = 6097E94E2C0A4C0C00343BF7 /* Products */;
			projectDirPath = "";
			projectRoot = "";
			targets = (
				6097E94C2C0A4C0C00343BF7 /* ToDoList */,
			);
		};
/* End PBXProject section */

/* Begin PBXResourcesBuildPhase section */
		6097E94B2C0A4C0C00343BF7 /* Resources */ = {
			isa = PBXResourcesBuildPhase;
			buildActionMask = 2147483647;
			files = (
				602877472C0F5BA300287BA2 /* LaunchScreen.storyboard in Resources */,
				6097E9582C0A4C0E00343BF7 /* Preview Assets.xcassets in Resources */,
				6097E9552C0A4C0E00343BF7 /* Assets.xcassets in Resources */,
			);
			runOnlyForDeploymentPostprocessing = 0;
		};
/* End PBXResourcesBuildPhase section */

/* Begin PBXSourcesBuildPhase section */
		6097E9492C0A4C0C00343BF7 /* Sources */ = {
			isa = PBXSourcesBuildPhase;
			buildActionMask = 2147483647;
			files = (
				6097E9672C0A547F00343BF7 /* ItemModel.swift in Sources */,
				602877492C0F5FF700287BA2 /* SettingsView.swift in Sources */,
				6097E9642C0A51E400343BF7 /* AddView.swift in Sources */,
				60829AF72C3F0422008A6DDB /* NotificationManagerModel.swift in Sources */,
				6049BB2C2C0E39A700B1B256 /* ListViewModel.swift in Sources */,
				6097E9512C0A4C0C00343BF7 /* ToDoListApp.swift in Sources */,
				6097E9602C0A4C9800343BF7 /* ListView.swift in Sources */,
				602877452C0F4E5400287BA2 /* NoItemsView.swift in Sources */,
				6097E9622C0A4DCB00343BF7 /* ListRowView.swift in Sources */,
			);
			runOnlyForDeploymentPostprocessing = 0;
		};
/* End PBXSourcesBuildPhase section */

/* Begin XCBuildConfiguration section */
		6097E9592C0A4C0E00343BF7 /* Debug */ = {
			isa = XCBuildConfiguration;
			buildSettings = {
				ALWAYS_SEARCH_USER_PATHS = NO;
				ASSETCATALOG_COMPILER_GENERATE_SWIFT_ASSET_SYMBOL_EXTENSIONS = YES;
				CLANG_ANALYZER_NONNULL = YES;
				CLANG_ANALYZER_NUMBER_OBJECT_CONVERSION = YES_AGGRESSIVE;
				CLANG_CXX_LANGUAGE_STANDARD = "gnu++20";
				CLANG_ENABLE_MODULES = YES;
				CLANG_ENABLE_OBJC_ARC = YES;
				CLANG_ENABLE_OBJC_WEAK = YES;
				CLANG_WARN_BLOCK_CAPTURE_AUTORELEASING = YES;
				CLANG_WARN_BOOL_CONVERSION = YES;
				CLANG_WARN_COMMA = YES;
				CLANG_WARN_CONSTANT_CONVERSION = YES;
				CLANG_WARN_DEPRECATED_OBJC_IMPLEMENTATIONS = YES;
				CLANG_WARN_DIRECT_OBJC_ISA_USAGE = YES_ERROR;
				CLANG_WARN_DOCUMENTATION_COMMENTS = YES;
				CLANG_WARN_EMPTY_BODY = YES;
				CLANG_WARN_ENUM_CONVERSION = YES;
				CLANG_WARN_INFINITE_RECURSION = YES;
				CLANG_WARN_INT_CONVERSION = YES;
				CLANG_WARN_NON_LITERAL_NULL_CONVERSION = YES;
				CLANG_WARN_OBJC_IMPLICIT_RETAIN_SELF = YES;
				CLANG_WARN_OBJC_LITERAL_CONVERSION = YES;
				CLANG_WARN_OBJC_ROOT_CLASS = YES_ERROR;
				CLANG_WARN_QUOTED_INCLUDE_IN_FRAMEWORK_HEADER = YES;
				CLANG_WARN_RANGE_LOOP_ANALYSIS = YES;
				CLANG_WARN_STRICT_PROTOTYPES = YES;
				CLANG_WARN_SUSPICIOUS_MOVE = YES;
				CLANG_WARN_UNGUARDED_AVAILABILITY = YES_AGGRESSIVE;
				CLANG_WARN_UNREACHABLE_CODE = YES;
				CLANG_WARN__DUPLICATE_METHOD_MATCH = YES;
				COPY_PHASE_STRIP = NO;
				DEBUG_INFORMATION_FORMAT = dwarf;
				ENABLE_STRICT_OBJC_MSGSEND = YES;
				ENABLE_TESTABILITY = YES;
				ENABLE_USER_SCRIPT_SANDBOXING = YES;
				GCC_C_LANGUAGE_STANDARD = gnu17;
				GCC_DYNAMIC_NO_PIC = NO;
				GCC_NO_COMMON_BLOCKS = YES;
				GCC_OPTIMIZATION_LEVEL = 0;
				GCC_PREPROCESSOR_DEFINITIONS = (
					"DEBUG=1",
					"$(inherited)",
				);
				GCC_WARN_64_TO_32_BIT_CONVERSION = YES;
				GCC_WARN_ABOUT_RETURN_TYPE = YES_ERROR;
				GCC_WARN_UNDECLARED_SELECTOR = YES;
				GCC_WARN_UNINITIALIZED_AUTOS = YES_AGGRESSIVE;
				GCC_WARN_UNUSED_FUNCTION = YES;
				GCC_WARN_UNUSED_VARIABLE = YES;
				IPHONEOS_DEPLOYMENT_TARGET = 17.4;
				LOCALIZATION_PREFERS_STRING_CATALOGS = YES;
				MTL_ENABLE_DEBUG_INFO = INCLUDE_SOURCE;
				MTL_FAST_MATH = YES;
				ONLY_ACTIVE_ARCH = YES;
				SDKROOT = iphoneos;
				SWIFT_ACTIVE_COMPILATION_CONDITIONS = "DEBUG $(inherited)";
				SWIFT_OPTIMIZATION_LEVEL = "-Onone";
			};
			name = Debug;
		};
		6097E95A2C0A4C0E00343BF7 /* Release */ = {
			isa = XCBuildConfiguration;
			buildSettings = {
				ALWAYS_SEARCH_USER_PATHS = NO;
				ASSETCATALOG_COMPILER_GENERATE_SWIFT_ASSET_SYMBOL_EXTENSIONS = YES;
				CLANG_ANALYZER_NONNULL = YES;
				CLANG_ANALYZER_NUMBER_OBJECT_CONVERSION = YES_AGGRESSIVE;
				CLANG_CXX_LANGUAGE_STANDARD = "gnu++20";
				CLANG_ENABLE_MODULES = YES;
				CLANG_ENABLE_OBJC_ARC = YES;
				CLANG_ENABLE_OBJC_WEAK = YES;
				CLANG_WARN_BLOCK_CAPTURE_AUTORELEASING = YES;
				CLANG_WARN_BOOL_CONVERSION = YES;
				CLANG_WARN_COMMA = YES;
				CLANG_WARN_CONSTANT_CONVERSION = YES;
				CLANG_WARN_DEPRECATED_OBJC_IMPLEMENTATIONS = YES;
				CLANG_WARN_DIRECT_OBJC_ISA_USAGE = YES_ERROR;
				CLANG_WARN_DOCUMENTATION_COMMENTS = YES;
				CLANG_WARN_EMPTY_BODY = YES;
				CLANG_WARN_ENUM_CONVERSION = YES;
				CLANG_WARN_INFINITE_RECURSION = YES;
				CLANG_WARN_INT_CONVERSION = YES;
				CLANG_WARN_NON_LITERAL_NULL_CONVERSION = YES;
				CLANG_WARN_OBJC_IMPLICIT_RETAIN_SELF = YES;
				CLANG_WARN_OBJC_LITERAL_CONVERSION = YES;
				CLANG_WARN_OBJC_ROOT_CLASS = YES_ERROR;
				CLANG_WARN_QUOTED_INCLUDE_IN_FRAMEWORK_HEADER = YES;
				CLANG_WARN_RANGE_LOOP_ANALYSIS = YES;
				CLANG_WARN_STRICT_PROTOTYPES = YES;
				CLANG_WARN_SUSPICIOUS_MOVE = YES;
				CLANG_WARN_UNGUARDED_AVAILABILITY = YES_AGGRESSIVE;
				CLANG_WARN_UNREACHABLE_CODE = YES;
				CLANG_WARN__DUPLICATE_METHOD_MATCH = YES;
				COPY_PHASE_STRIP = NO;
				DEBUG_INFORMATION_FORMAT = "dwarf-with-dsym";
				ENABLE_NS_ASSERTIONS = NO;
				ENABLE_STRICT_OBJC_MSGSEND = YES;
				ENABLE_USER_SCRIPT_SANDBOXING = YES;
				GCC_C_LANGUAGE_STANDARD = gnu17;
				GCC_NO_COMMON_BLOCKS = YES;
				GCC_WARN_64_TO_32_BIT_CONVERSION = YES;
				GCC_WARN_ABOUT_RETURN_TYPE = YES_ERROR;
				GCC_WARN_UNDECLARED_SELECTOR = YES;
				GCC_WARN_UNINITIALIZED_AUTOS = YES_AGGRESSIVE;
				GCC_WARN_UNUSED_FUNCTION = YES;
				GCC_WARN_UNUSED_VARIABLE = YES;
				IPHONEOS_DEPLOYMENT_TARGET = 17.4;
				LOCALIZATION_PREFERS_STRING_CATALOGS = YES;
				MTL_ENABLE_DEBUG_INFO = NO;
				MTL_FAST_MATH = YES;
				SDKROOT = iphoneos;
				SWIFT_COMPILATION_MODE = wholemodule;
				VALIDATE_PRODUCT = YES;
			};
			name = Release;
		};
		6097E95C2C0A4C0E00343BF7 /* Debug */ = {
			isa = XCBuildConfiguration;
			buildSettings = {
				ASSETCATALOG_COMPILER_APPICON_NAME = AppIcon;
				ASSETCATALOG_COMPILER_GLOBAL_ACCENT_COLOR_NAME = AccentColor;
				CODE_SIGN_STYLE = Automatic;
				CURRENT_PROJECT_VERSION = 1;
				DEVELOPMENT_ASSET_PATHS = "\"ToDoList/Preview Content\"";
				DEVELOPMENT_TEAM = BB6LM8B4SH;
				ENABLE_PREVIEWS = YES;
				GENERATE_INFOPLIST_FILE = YES;
				INFOPLIST_KEY_CFBundleDisplayName = "Doing Things";
				INFOPLIST_KEY_UIApplicationSceneManifest_Generation = YES;
				INFOPLIST_KEY_UIApplicationSupportsIndirectInputEvents = YES;
				INFOPLIST_KEY_UILaunchStoryboardName = LaunchScreen.storyboard;
				INFOPLIST_KEY_UISupportedInterfaceOrientations_iPad = "UIInterfaceOrientationPortrait UIInterfaceOrientationPortraitUpsideDown UIInterfaceOrientationLandscapeLeft UIInterfaceOrientationLandscapeRight";
				INFOPLIST_KEY_UISupportedInterfaceOrientations_iPhone = "UIInterfaceOrientationPortrait UIInterfaceOrientationLandscapeLeft UIInterfaceOrientationLandscapeRight";
				LD_RUNPATH_SEARCH_PATHS = (
					"$(inherited)",
					"@executable_path/Frameworks",
				);
				MARKETING_VERSION = 1.0;
				PRODUCT_BUNDLE_IDENTIFIER = com.ramirez.wilson.ToDoList;
				PRODUCT_NAME = "$(TARGET_NAME)";
				SWIFT_EMIT_LOC_STRINGS = YES;
				SWIFT_VERSION = 5.0;
				TARGETED_DEVICE_FAMILY = "1,2";
			};
			name = Debug;
		};
		6097E95D2C0A4C0E00343BF7 /* Release */ = {
			isa = XCBuildConfiguration;
			buildSettings = {
				ASSETCATALOG_COMPILER_APPICON_NAME = AppIcon;
				ASSETCATALOG_COMPILER_GLOBAL_ACCENT_COLOR_NAME = AccentColor;
				CODE_SIGN_STYLE = Automatic;
				CURRENT_PROJECT_VERSION = 1;
				DEVELOPMENT_ASSET_PATHS = "\"ToDoList/Preview Content\"";
				DEVELOPMENT_TEAM = BB6LM8B4SH;
				ENABLE_PREVIEWS = YES;
				GENERATE_INFOPLIST_FILE = YES;
				INFOPLIST_KEY_CFBundleDisplayName = "Doing Things";
				INFOPLIST_KEY_UIApplicationSceneManifest_Generation = YES;
				INFOPLIST_KEY_UIApplicationSupportsIndirectInputEvents = YES;
				INFOPLIST_KEY_UILaunchStoryboardName = LaunchScreen.storyboard;
				INFOPLIST_KEY_UISupportedInterfaceOrientations_iPad = "UIInterfaceOrientationPortrait UIInterfaceOrientationPortraitUpsideDown UIInterfaceOrientationLandscapeLeft UIInterfaceOrientationLandscapeRight";
				INFOPLIST_KEY_UISupportedInterfaceOrientations_iPhone = "UIInterfaceOrientationPortrait UIInterfaceOrientationLandscapeLeft UIInterfaceOrientationLandscapeRight";
				LD_RUNPATH_SEARCH_PATHS = (
					"$(inherited)",
					"@executable_path/Frameworks",
				);
				MARKETING_VERSION = 1.0;
				PRODUCT_BUNDLE_IDENTIFIER = com.ramirez.wilson.ToDoList;
				PRODUCT_NAME = "$(TARGET_NAME)";
				SWIFT_EMIT_LOC_STRINGS = YES;
				SWIFT_VERSION = 5.0;
				TARGETED_DEVICE_FAMILY = "1,2";
			};
			name = Release;
		};
/* End XCBuildConfiguration section */

/* Begin XCConfigurationList section */
		6097E9482C0A4C0C00343BF7 /* Build configuration list for PBXProject "ToDoList" */ = {
			isa = XCConfigurationList;
			buildConfigurations = (
				6097E9592C0A4C0E00343BF7 /* Debug */,
				6097E95A2C0A4C0E00343BF7 /* Release */,
			);
			defaultConfigurationIsVisible = 0;
			defaultConfigurationName = Release;
		};
		6097E95B2C0A4C0E00343BF7 /* Build configuration list for PBXNativeTarget "ToDoList" */ = {
			isa = XCConfigurationList;
			buildConfigurations = (
				6097E95C2C0A4C0E00343BF7 /* Debug */,
				6097E95D2C0A4C0E00343BF7 /* Release */,
			);
			defaultConfigurationIsVisible = 0;
			defaultConfigurationName = Release;
		};
/* End XCConfigurationList section */
	};
	rootObject = 6097E9452C0A4C0C00343BF7 /* Project object */;
}
